{
    "_meta": {
        "hash": {
            "sha256": "7fe13afeb0c2b49d1c4e0681b7124395a9d116666bbc5924f0e69998808af28e"
        },
        "pipfile-spec": 6,
        "requires": {
            "python_version": "3.11"
        },
        "sources": [
            {
                "name": "pypi",
                "url": "https://pypi.org/simple",
                "verify_ssl": true
            }
        ]
    },
    "default": {
        "annotated-types": {
            "hashes": [
                "sha256:47cdc3490d9ac1506ce92c7aaa76c579dc3509ff11e098fc867e5130ab7be802",
                "sha256:58da39888f92c276ad970249761ebea80ba544b77acddaa1a4d6cf78287d45fd"
            ],
            "markers": "python_version >= '3.7'",
            "version": "==0.5.0"
        },
        "anyio": {
            "hashes": [
                "sha256:44a3c9aba0f5defa43261a8b3efb97891f2bd7d804e0e1f56419befa1adfc780",
                "sha256:91dee416e570e92c64041bd18b900d1d6fa78dff7048769ce5ac5ddad004fbb5"
            ],
            "markers": "python_version >= '3.7'",
            "version": "==3.7.1"
        },
        "click": {
            "hashes": [
                "sha256:ae74fb96c20a0277a1d615f1e4d73c8414f5a98db8b799a7931d1582f3390c28",
                "sha256:ca9853ad459e787e2192211578cc907e7594e294c7ccc834310722b41b9ca6de"
            ],
            "markers": "python_version >= '3.7'",
            "version": "==8.1.7"
        },
        "fastapi": {
            "hashes": [
                "sha256:7b32000d14ca9992f7461117b81e4ef9ff0c07936af641b4fe40e67d5f9d63cb",
                "sha256:aef5f8676eb1b8389952e1fe734abe20f04b71f6936afcc53b320ba79b686a4b"
            ],
            "index": "pypi",
            "version": "==0.101.1"
        },
        "h11": {
            "hashes": [
                "sha256:8f19fbbe99e72420ff35c00b27a34cb9937e902a8b810e2c88300c6f0a3b699d",
                "sha256:e3fe4ac4b851c468cc8363d500db52c2ead036020723024a109d37346efaa761"
            ],
            "markers": "python_version >= '3.7'",
            "version": "==0.14.0"
        },
        "httptools": {
            "hashes": [
                "sha256:03bfd2ae8a2d532952ac54445a2fb2504c804135ed28b53fefaf03d3a93eb1fd",
                "sha256:0781fedc610293a2716bc7fa142d4c85e6776bc59d617a807ff91246a95dea35",
                "sha256:0d0b0571806a5168013b8c3d180d9f9d6997365a4212cb18ea20df18b938aa0b",
                "sha256:0fb4a608c631f7dcbdf986f40af7a030521a10ba6bc3d36b28c1dc9e9035a3c0",
                "sha256:22c01fcd53648162730a71c42842f73b50f989daae36534c818b3f5050b54589",
                "sha256:23b09537086a5a611fad5696fc8963d67c7e7f98cb329d38ee114d588b0b74cd",
                "sha256:259920bbae18740a40236807915def554132ad70af5067e562f4660b62c59b90",
                "sha256:26326e0a8fe56829f3af483200d914a7cd16d8d398d14e36888b56de30bec81a",
                "sha256:274bf20eeb41b0956e34f6a81f84d26ed57c84dd9253f13dcb7174b27ccd8aaf",
                "sha256:33eb1d4e609c835966e969a31b1dedf5ba16b38cab356c2ce4f3e33ffa94cad3",
                "sha256:35a541579bed0270d1ac10245a3e71e5beeb1903b5fbbc8d8b4d4e728d48ff1d",
                "sha256:38f3cafedd6aa20ae05f81f2e616ea6f92116c8a0f8dcb79dc798df3356836e2",
                "sha256:3f96d2a351b5625a9fd9133c95744e8ca06f7a4f8f0b8231e4bbaae2c485046a",
                "sha256:463c3bc5ef64b9cf091be9ac0e0556199503f6e80456b790a917774a616aff6e",
                "sha256:47043a6e0ea753f006a9d0dd076a8f8c99bc0ecae86a0888448eb3076c43d717",
                "sha256:4e748fc0d5c4a629988ef50ac1aef99dfb5e8996583a73a717fc2cac4ab89932",
                "sha256:5dcc14c090ab57b35908d4a4585ec5c0715439df07be2913405991dbb37e049d",
                "sha256:65d802e7b2538a9756df5acc062300c160907b02e15ed15ba035b02bce43e89c",
                "sha256:6bdc6675ec6cb79d27e0575750ac6e2b47032742e24eed011b8db73f2da9ed40",
                "sha256:6e22896b42b95b3237eccc42278cd72c0df6f23247d886b7ded3163452481e38",
                "sha256:721e503245d591527cddd0f6fd771d156c509e831caa7a57929b55ac91ee2b51",
                "sha256:72205730bf1be875003692ca54a4a7c35fac77b4746008966061d9d41a61b0f5",
                "sha256:72ec7c70bd9f95ef1083d14a755f321d181f046ca685b6358676737a5fecd26a",
                "sha256:73e9d66a5a28b2d5d9fbd9e197a31edd02be310186db423b28e6052472dc8201",
                "sha256:818325afee467d483bfab1647a72054246d29f9053fd17cc4b86cda09cc60339",
                "sha256:82c723ed5982f8ead00f8e7605c53e55ffe47c47465d878305ebe0082b6a1755",
                "sha256:82f228b88b0e8c6099a9c4757ce9fdbb8b45548074f8d0b1f0fc071e35655d1c",
                "sha256:93f89975465133619aea8b1952bc6fa0e6bad22a447c6d982fc338fbb4c89649",
                "sha256:9fc6e409ad38cbd68b177cd5158fc4042c796b82ca88d99ec78f07bed6c6b796",
                "sha256:b0a816bb425c116a160fbc6f34cece097fd22ece15059d68932af686520966bd",
                "sha256:b703d15dbe082cc23266bf5d9448e764c7cb3fcfe7cb358d79d3fd8248673ef9",
                "sha256:cf8169e839a0d740f3d3c9c4fa630ac1a5aaf81641a34575ca6773ed7ce041a1",
                "sha256:dea66d94e5a3f68c5e9d86e0894653b87d952e624845e0b0e3ad1c733c6cc75d",
                "sha256:e41ccac9e77cd045f3e4ee0fc62cbf3d54d7d4b375431eb855561f26ee7a9ec4",
                "sha256:f959e4770b3fc8ee4dbc3578fd910fab9003e093f20ac8c621452c4d62e517cb"
            ],
            "version": "==0.6.0"
        },
        "idna": {
            "hashes": [
                "sha256:814f528e8dead7d329833b91c5faa87d60bf71824cd12a7530b5526063d02cb4",
                "sha256:90b77e79eaa3eba6de819a0c442c0b4ceefc341a7a2ab77d7562bf49f425c5c2"
            ],
            "markers": "python_version >= '3.5'",
            "version": "==3.4"
        },
        "pydantic": {
            "hashes": [
                "sha256:5f30f37a75bca15930e256da6a401f1cb953eb3bc578d454c0876f4e1459a7fa",
                "sha256:a479d511d1337ad091bd1ef90a7aaf707326968cff78a579108bc289b7f5ecdd"
            ],
            "markers": "python_version >= '3.7'",
            "version": "==2.2.0"
        },
        "pydantic-core": {
            "hashes": [
                "sha256:04b0e91c338536e3e3f77c3ed5354d14c46163f1c6b0706037b0b4be409eb943",
                "sha256:04d6de74f91ff1a88975bc5e3c7103b676106af380ce8d9b56649116e0855dc9",
                "sha256:0b52468b09ccee65bc96572345ec73dc89b42528874b626f7757000a6544d285",
                "sha256:0dbd7262932b213b34f6c1bdd33b53b6ffc07e3cee21d63486d68e433020f452",
                "sha256:0faddd509ca1811d7e595cb48dc9b63d080a95f8434c5dc6660f268694f3c20f",
                "sha256:0ff7df99df6ae485e33afafc7adbfae2e133501b5debea4f0c20cd1f679fa321",
                "sha256:10da8e685fe25be11089a666346461e01e23164688a224e33fee25d2a86da4e0",
                "sha256:11854f12f09d2a108d130645edbca7aecf24756455599b0b19dacd47499ccadc",
                "sha256:148162967ede812466915bee671403dd2ded9822332df6c52866348129d4e58e",
                "sha256:14ec281d30dd1a7fbf62e0afe4bc7bfac4b5edcf8da7affef1a79e874f3899cb",
                "sha256:16c572a839eb584115185146a04b15986e19e3cbf00e3788f8296b16ec7b3fd5",
                "sha256:1781e985a9493f3fdca4c010fc6a009ab4fd40a61ab78e5cc9820eb8010c1c4c",
                "sha256:179da6a5264d11cf2defba17c0003f6e27922d95f37b4818905115e2c9b8f7ed",
                "sha256:1d1b6c14c1116e797758bf1ff93ff18ab493279609aec6a60e6dee9de9065255",
                "sha256:1e89b0a3f05416a7e67ec7257cddcf44263a10cea618cfc89855d46997c13742",
                "sha256:253d769ce88f6d5b8ae8965f08c486114e30b5e5478f327348b77615a2a543cb",
                "sha256:2ae2d2aa91f442427d5d607f5bc07a6601aea7e9812c158b11dfac4fca28b24a",
                "sha256:2ee383e256a0e4b8bff1832fb31c530380a1421a714276ffd32609ce58a4c77a",
                "sha256:2f80f6790e87ec29ba28aab9a66b07ee789ec8fa6ea94aeac47e27f0019a061c",
                "sha256:301e47c7cabc1c435773fcf0c7278181add0f211ddaf4c683bbfb62e09457c33",
                "sha256:310a47d94895628d3563859cb970cad1b3ee7a5f2282d9bd5512b3c5a09d4379",
                "sha256:3170a13c8cdb564f544ce03a7f26962828cce3456413b325fca49d32ef47ed1f",
                "sha256:3427ca73cffe42297bbb0ed712642d8484c42671b329441a2e51ce139f7e2f93",
                "sha256:358f5d48aa850054ef1b148f4c3000b2ea216db4ab611039080bea294002349c",
                "sha256:36d6211421a4dd6d11ccb08e9ac92d143132402403ab791688cfc01973ad3de1",
                "sha256:3b35585d14028c1afa41c1183906ce4128128d1114be9958b5ad0fb3721b50a4",
                "sha256:3b52ce001eacd9906955576c71ee3fad9a442117b86dd84e5ea18e6ce287078d",
                "sha256:3d72ebaa6451490ae05d3da858120b395b3bf1bebc8a5238ef803ff0f4f16f38",
                "sha256:4118471f4ba0f92fbe84bb6c0f645b423eaa5453e0dc4b6c0a6759da818352ba",
                "sha256:42caa59248750573efbce6a74f3e121f9def86dc2087772d51f0907c2ed6dc61",
                "sha256:482a20567991170d0b55aa4d73084858ab8d54804ffef8061f254c0f8b9cf668",
                "sha256:49848c89575d7768ea8762cc029f573a3d611452c41d05ae75bdcea8f77a9e5c",
                "sha256:4bac3e606b7f8fffd5e3a0d7c5d6ab110075c9dc16b9f8932cb077b6d985f8de",
                "sha256:4e9430096484696a1837f55728c804917ad694f8e965ad0317ff896db21c3a7b",
                "sha256:4f346c8fbd953f47711c388d9b856cad87cf72a714302bc04056f89d6ac55388",
                "sha256:4fd9661a30a370faae9303dfde31d09d5b6f28113f8dace9a63f51d205703a8d",
                "sha256:51eb518682898df170d3d2ddd9c1f2a9496d79e5bd611b508d1a698e50b13fc6",
                "sha256:535f47fe0d2db647fdb0376cbbadd34fd00b3a5f56f772b0b0ef26928e8afa22",
                "sha256:5464f3d27376739c7fa0af47096ac3696db1d8996d086167b3643f0443a1a976",
                "sha256:582bfd6e7d09f5883f607b7171fcd2010d226497d9dfc9703c8aa8d58431fa84",
                "sha256:59420b2fe9edfdc640e79aac09461400862d2e699ca59e5b96e5595cc7554736",
                "sha256:5a878f37a144c5641ead8b0771164dd22237ed4013b9899f250f0992447114e0",
                "sha256:5b3159c893a1d6dc93080b882d7c4fa8651abbb228a4d920066f3f48b7a200ac",
                "sha256:5d9510004c4db5c683e349905c9700217da10b35d4447c7a1dfff1b6dd26192a",
                "sha256:6265372636a78bc6b8ba92f7d2dafca353c549edc8082a602d00a28f71a9155a",
                "sha256:646324855acd153632bb86cbbd222771df7859b43d2891ace57c5b8c818ba8a7",
                "sha256:658f4e8afe60d8400526d6db28d4e88e76027cf6111716fc090de87d14b5c311",
                "sha256:6798756a5bee9991af64763ee2f3580505932a3f432af9a73bc9fdaca460261f",
                "sha256:67f7658ac47a88ea3859389c4a67713edce77ade653812e0a574bc8f0cb0d951",
                "sha256:693df3a922d94ba1c42ea732df7ab2f0492d6081b0170e86753a45e8822342a6",
                "sha256:6cc456fc3c7156b23866ab953d3ff57010ab6a4b79ba686109ef93581467f6c3",
                "sha256:6cc57fb772b48e5fd3691ca82d3756b6e64b885676d27d66bff551d951a18e5c",
                "sha256:7291e0e36c1bc5c3b20d3f3cf77ba9ac7a26423ec50781d4f0435c45ddfe18c2",
                "sha256:757372e9b5c81cec72a077237d5d026ccd5ad9bf4931bebee4c92177d52b4eba",
                "sha256:75850d211015ae46e28b3e05ee0cc8687316505cad385170aff70ad60f143011",
                "sha256:775710d825f2b2ffe8a0bfd8d17cb8de6a9e562e78f50171c5afa9c508faa45c",
                "sha256:77865eb89c646673bedc7de4acd0a076dd6bada2f01d010675031cd855b052cf",
                "sha256:7d03de66eda2c3a6eab2c2cf43eeece37e4cf811e891361b1fb8d8d3cd109f3a",
                "sha256:82e34dc040001f50bec1a7a5c09fb6566635078ce91943cd10445a560cb3fe23",
                "sha256:83f5a3e201fe16684c12e654423a0c293733a57a1f9a9f284dbfb1b59f0e79bb",
                "sha256:859e11c4543bfd16b8033d50a2d7e4190fc5c6e182a6419b0d7c41109e3841b9",
                "sha256:86a74d426ca995deb3c847a2b382775b93a306fce13ae7b66cdc5fb8090a3ac5",
                "sha256:892e7de51b8191929bf1246a04c13674a4d4b8dced8a4f86def85a1b0cb1a1e4",
                "sha256:905048671ef08f2a504cdf7e26ffbe88efd74494ba821f2cdb1e4b1506236047",
                "sha256:959aa63057738b426137d3de99d8da118f5c8ba19a238fdb5e5f0717297e9da4",
                "sha256:95e569d8f702851ab48e349c5eb2f8ea673657b7ed5f2ac335d540ebc8519385",
                "sha256:997fa26fd71c5d8676fa6dfefc06be1fac65fd578934d40e7546c047b7bdd019",
                "sha256:99b6004cd989bbcaf32e0794e6f42460b6f5ac047b2eb443a661cfdba29704e5",
                "sha256:9c7507d40bd5d055dadba8ae9b6008356f380ce102942e0740228d97e8bd4152",
                "sha256:9e8d12016b2fdbf885e3c7580fa8f6d2e90838586faee511656f2022ebf71a2d",
                "sha256:9f1a5fafbbadca467f426eb796bec61a908a670dfdcb984d300b9dd4d8b82433",
                "sha256:a5534040341ac6ad4d133023cd45da3654fff77795481c8e4d4508cafd248ba5",
                "sha256:a7d7b5af9ee32517280228629daca013ecc9a7834075af3d928287539ccd54ec",
                "sha256:a8aee2623180f736fc426925489e84bd244e45de4175dec76f10d4fda775721b",
                "sha256:a9d6f16d771334c49a173403805ef874aff9800ea7c44f94ebf3817ae9c5631e",
                "sha256:ac4148c3bede4269f286c7d094e98c717f1101025145e89baacbafc7c5f7f74b",
                "sha256:aedc8671291d6ff17b9fc587fed982c4feeffdd28351c577695a5f07945c4625",
                "sha256:afd9d1ef2805729898f580ccde0e76a3edd39cf16778c2139222047c8d25893b",
                "sha256:b0b4bcc57b12980b67e5eed09732102b19380f79dcba09444faa7a5c1826a432",
                "sha256:b2ddc15cf29dc4b385c667064d7efb96431006dcf523527c3d749494b73e73a6",
                "sha256:bf6cb8b9c23dbb074f2d97b02af4d9d5401bd8015daad3e92fc35f88c5c07ba6",
                "sha256:c020c5047b25e64c39006fa11f15d93adf4ae85154387f8e10232871ba78e7b2",
                "sha256:c029084413a8eeb7d7b179d647d1e1a5cbfd5e5a817862a0ba8c5024fc9febf2",
                "sha256:c2c54ce857d0adb549fc735ffe84b9d1e77d1b460656fb2d3faa9050a85d8d37",
                "sha256:cdbc528c7c6fef0e9aa1b4ba620d707c9735cfc92e6b666b83862ee55faa9605",
                "sha256:cddecc97d923c3fae698820a788d6e7fda61538244dd2a0808d6263115fe5870",
                "sha256:d0d672be281d2e297f95ca301710aed9ad7e10c56a691337c2f22375feb60f29",
                "sha256:d13fc39e2d2957f32d8fa9d013bd7165d00c43890bdaea1e20a726873c50531b",
                "sha256:d179b77fff4387a46ed0b63eb87ad6be58bb2a3a3415e69a44e918e8abcbd8c6",
                "sha256:d61acd378c38bdcc1c109605831695eb27bd755d1fc5c765e40878601bd0c66b",
                "sha256:dabfdc82432499ceb33bb204fa0e5c0004a7dc1d85ba0250c5849ddfddd94819",
                "sha256:e3247b6d304226b12e240ff3fb0eb56b45520cd609d382fde6338a5556d44783",
                "sha256:e4d46cd802c163914f07124735371812e9bed8a39acbebcee5bd06d43f454e1a",
                "sha256:e50513d8dd8ea67259d45986e314f545f219ebb2496eea52269e457cdc7419f4",
                "sha256:ed683ff1663fd596ce84cf4d132f7ce7b94f0b60686ee06ca2c8e151ccb918e7",
                "sha256:eeb7b4e1dd925db174a410680c846cb7ab7eb1923f556b44cf53cea774dc42fa",
                "sha256:f52e9edca854804b780bba5c82f7a1aafebb7a7c496879a45423cf991c361f9e",
                "sha256:f5ca934143857626de2423d65d487687c87931a62044ed5ee0deee55018569f4",
                "sha256:f693255ffec26a090c76adfb8f6286b76f5f3c9aa245f4bbe03aede102d815ef",
                "sha256:f9ebd8c45c8729bb23bb902a5cff573996fe5d86c3fc8c17cde3443345533889",
                "sha256:fc54501cdffbc8a7dbe300d6e4745c910d767a1aa273febca965f5fa561036b1",
                "sha256:fd29541fb6f7647f535c0067cabb50ec014f13fa599ac4e34152abb5cb046988",
                "sha256:fe01f83bea0e4715c49449039b3c60a59408f0ceee61bb8c9a64699545e5b786",
                "sha256:fe66139cfdd02ec4a0aad0cecf53bf9933c748097a97beb9042c03f236dd68b9",
                "sha256:ff462b08951adaf55dbcc623d9b57823e888ffa4886f902dfc2c69d6ddc1ce4b",
                "sha256:ffe8b2c8e30a87f6d7c1a78e23b8270a1acde9140cde425fa94688d302c8b2c9"
            ],
            "markers": "python_version >= '3.7'",
            "version": "==2.6.0"
        },
        "python-dotenv": {
            "hashes": [
                "sha256:a8df96034aae6d2d50a4ebe8216326c61c3eb64836776504fcca410e5937a3ba",
                "sha256:f5971a9226b701070a4bf2c38c89e5a3f0d64de8debda981d1db98583009122a"
            ],
            "version": "==1.0.0"
        },
        "pyyaml": {
            "hashes": [
                "sha256:062582fca9fabdd2c8b54a3ef1c978d786e0f6b3a1510e0ac93ef59e0ddae2bc",
                "sha256:1635fd110e8d85d55237ab316b5b011de701ea0f29d07611174a1b42f1444741",
                "sha256:184c5108a2aca3c5b3d3bf9395d50893a7ab82a38004c8f61c258d4428e80206",
                "sha256:18aeb1bf9a78867dc38b259769503436b7c72f7a1f1f4c93ff9a17de54319b27",
                "sha256:1d4c7e777c441b20e32f52bd377e0c409713e8bb1386e1099c2415f26e479595",
                "sha256:1e2722cc9fbb45d9b87631ac70924c11d3a401b2d7f410cc0e3bbf249f2dca62",
                "sha256:1fe35611261b29bd1de0070f0b2f47cb6ff71fa6595c077e42bd0c419fa27b98",
                "sha256:28c119d996beec18c05208a8bd78cbe4007878c6dd15091efb73a30e90539696",
                "sha256:42f8152b8dbc4fe7d96729ec2b99c7097d656dc1213a3229ca5383f973a5ed6d",
                "sha256:4fb147e7a67ef577a588a0e2c17b6db51dda102c71de36f8549b6816a96e1867",
                "sha256:50550eb667afee136e9a77d6dc71ae76a44df8b3e51e41b77f6de2932bfe0f47",
                "sha256:510c9deebc5c0225e8c96813043e62b680ba2f9c50a08d3724c7f28a747d1486",
                "sha256:5773183b6446b2c99bb77e77595dd486303b4faab2b086e7b17bc6bef28865f6",
                "sha256:596106435fa6ad000c2991a98fa58eeb8656ef2325d7e158344fb33864ed87e3",
                "sha256:6965a7bc3cf88e5a1c3bd2e0b5c22f8d677dc88a455344035f03399034eb3007",
                "sha256:69b023b2b4daa7548bcfbd4aa3da05b3a74b772db9e23b982788168117739938",
                "sha256:704219a11b772aea0d8ecd7058d0082713c3562b4e271b849ad7dc4a5c90c13c",
                "sha256:7e07cbde391ba96ab58e532ff4803f79c4129397514e1413a7dc761ccd755735",
                "sha256:81e0b275a9ecc9c0c0c07b4b90ba548307583c125f54d5b6946cfee6360c733d",
                "sha256:9046c58c4395dff28dd494285c82ba00b546adfc7ef001486fbf0324bc174fba",
                "sha256:9eb6caa9a297fc2c2fb8862bc5370d0303ddba53ba97e71f08023b6cd73d16a8",
                "sha256:a0cd17c15d3bb3fa06978b4e8958dcdc6e0174ccea823003a106c7d4d7899ac5",
                "sha256:afd7e57eddb1a54f0f1a974bc4391af8bcce0b444685d936840f125cf046d5bd",
                "sha256:b1275ad35a5d18c62a7220633c913e1b42d44b46ee12554e5fd39c70a243d6a3",
                "sha256:b786eecbdf8499b9ca1d697215862083bd6d2a99965554781d0d8d1ad31e13a0",
                "sha256:ba336e390cd8e4d1739f42dfe9bb83a3cc2e80f567d8805e11b46f4a943f5515",
                "sha256:baa90d3f661d43131ca170712d903e6295d1f7a0f595074f151c0aed377c9b9c",
                "sha256:bc1bf2925a1ecd43da378f4db9e4f799775d6367bdb94671027b73b393a7c42c",
                "sha256:bd4af7373a854424dabd882decdc5579653d7868b8fb26dc7d0e99f823aa5924",
                "sha256:bf07ee2fef7014951eeb99f56f39c9bb4af143d8aa3c21b1677805985307da34",
                "sha256:bfdf460b1736c775f2ba9f6a92bca30bc2095067b8a9d77876d1fad6cc3b4a43",
                "sha256:c8098ddcc2a85b61647b2590f825f3db38891662cfc2fc776415143f599bb859",
                "sha256:d2b04aac4d386b172d5b9692e2d2da8de7bfb6c387fa4f801fbf6fb2e6ba4673",
                "sha256:d858aa552c999bc8a8d57426ed01e40bef403cd8ccdd0fc5f6f04a00414cac2a",
                "sha256:f003ed9ad21d6a4713f0a9b5a7a0a79e08dd0f221aff4525a2be4c346ee60aab",
                "sha256:f22ac1c3cac4dbc50079e965eba2c1058622631e526bd9afd45fedd49ba781fa",
                "sha256:faca3bdcf85b2fc05d06ff3fbc1f83e1391b3e724afa3feba7d13eeab355484c",
                "sha256:fca0e3a251908a499833aa292323f32437106001d436eca0e6e7833256674585",
                "sha256:fd1592b3fdf65fff2ad0004b5e363300ef59ced41c2e6b3a99d4089fa8c5435d",
                "sha256:fd66fc5d0da6d9815ba2cebeb4205f95818ff4b79c3ebe268e75d961704af52f"
            ],
            "version": "==6.0.1"
        },
        "sniffio": {
            "hashes": [
                "sha256:e60305c5e5d314f5389259b7f22aaa33d8f7dee49763119234af3755c55b9101",
                "sha256:eecefdce1e5bbfb7ad2eeaabf7c1eeb404d7757c379bd1f7e5cce9d8bf425384"
            ],
            "markers": "python_version >= '3.7'",
            "version": "==1.3.0"
        },
        "starlette": {
            "hashes": [
                "sha256:6a6b0d042acb8d469a01eba54e9cda6cbd24ac602c4cd016723117d6a7e73b75",
                "sha256:918416370e846586541235ccd38a474c08b80443ed31c578a418e2209b3eef91"
            ],
            "markers": "python_version >= '3.7'",
            "version": "==0.27.0"
        },
        "typing-extensions": {
            "hashes": [
                "sha256:440d5dd3af93b060174bf433bccd69b0babc3b15b1a8dca43789fd7f61514b36",
                "sha256:b75ddc264f0ba5615db7ba217daeb99701ad295353c45f9e95963337ceeeffb2"
            ],
            "markers": "python_version >= '3.7'",
            "version": "==4.7.1"
        },
        "uvicorn": {
            "extras": [
                "standard"
            ],
            "hashes": [
                "sha256:1f9be6558f01239d4fdf22ef8126c39cb1ad0addf76c40e760549d2c2f43ab53",
                "sha256:4d3cc12d7727ba72b64d12d3cc7743124074c0a69f7b201512fc50c3e3f1569a"
            ],
            "index": "pypi",
            "version": "==0.23.2"
        },
        "uvloop": {
            "hashes": [
                "sha256:0949caf774b9fcefc7c5756bacbbbd3fc4c05a6b7eebc7c7ad6f825b23998d6d",
                "sha256:0ddf6baf9cf11a1a22c71487f39f15b2cf78eb5bde7e5b45fbb99e8a9d91b9e1",
                "sha256:1436c8673c1563422213ac6907789ecb2b070f5939b9cbff9ef7113f2b531595",
                "sha256:23609ca361a7fc587031429fa25ad2ed7242941adec948f9d10c045bfecab06b",
                "sha256:2a6149e1defac0faf505406259561bc14b034cdf1d4711a3ddcdfbaa8d825a05",
                "sha256:2deae0b0fb00a6af41fe60a675cec079615b01d68beb4cc7b722424406b126a8",
                "sha256:307958f9fc5c8bb01fad752d1345168c0abc5d62c1b72a4a8c6c06f042b45b20",
                "sha256:30babd84706115626ea78ea5dbc7dd8d0d01a2e9f9b306d24ca4ed5796c66ded",
                "sha256:3378eb62c63bf336ae2070599e49089005771cc651c8769aaad72d1bd9385a7c",
                "sha256:3d97672dc709fa4447ab83276f344a165075fd9f366a97b712bdd3fee05efae8",
                "sha256:3db8de10ed684995a7f34a001f15b374c230f7655ae840964d51496e2f8a8474",
                "sha256:3ebeeec6a6641d0adb2ea71dcfb76017602ee2bfd8213e3fcc18d8f699c5104f",
                "sha256:45cea33b208971e87a31c17622e4b440cac231766ec11e5d22c76fab3bf9df62",
                "sha256:6708f30db9117f115eadc4f125c2a10c1a50d711461699a0cbfaa45b9a78e376",
                "sha256:68532f4349fd3900b839f588972b3392ee56042e440dd5873dfbbcd2cc67617c",
                "sha256:6aafa5a78b9e62493539456f8b646f85abc7093dd997f4976bb105537cf2635e",
                "sha256:7d37dccc7ae63e61f7b96ee2e19c40f153ba6ce730d8ba4d3b4e9738c1dccc1b",
                "sha256:864e1197139d651a76c81757db5eb199db8866e13acb0dfe96e6fc5d1cf45fc4",
                "sha256:8887d675a64cfc59f4ecd34382e5b4f0ef4ae1da37ed665adba0c2badf0d6578",
                "sha256:8efcadc5a0003d3a6e887ccc1fb44dec25594f117a94e3127954c05cf144d811",
                "sha256:9b09e0f0ac29eee0451d71798878eae5a4e6a91aa275e114037b27f7db72702d",
                "sha256:a4aee22ece20958888eedbad20e4dbb03c37533e010fb824161b4f05e641f738",
                "sha256:a5abddb3558d3f0a78949c750644a67be31e47936042d4f6c888dd6f3c95f4aa",
                "sha256:c092a2c1e736086d59ac8e41f9c98f26bbf9b9222a76f21af9dfe949b99b2eb9",
                "sha256:c686a47d57ca910a2572fddfe9912819880b8765e2f01dc0dd12a9bf8573e539",
                "sha256:cbbe908fda687e39afd6ea2a2f14c2c3e43f2ca88e3a11964b297822358d0e6c",
                "sha256:ce9f61938d7155f79d3cb2ffa663147d4a76d16e08f65e2c66b77bd41b356718",
                "sha256:dbbaf9da2ee98ee2531e0c780455f2841e4675ff580ecf93fe5c48fe733b5667",
                "sha256:f1e507c9ee39c61bfddd79714e4f85900656db1aec4d40c6de55648e85c2799c",
                "sha256:ff3d00b70ce95adce264462c930fbaecb29718ba6563db354608f37e49e09024"
            ],
            "version": "==0.17.0"
        },
        "watchfiles": {
            "hashes": [
                "sha256:0089c6dc24d436b373c3c57657bf4f9a453b13767150d17284fc6162b2791911",
                "sha256:09ea3397aecbc81c19ed7f025e051a7387feefdb789cf768ff994c1228182fda",
                "sha256:176a9a7641ec2c97b24455135d58012a5be5c6217fc4d5fef0b2b9f75dbf5154",
                "sha256:18b28f6ad871b82df9542ff958d0c86bb0d8310bb09eb8e87d97318a3b5273af",
                "sha256:20b44221764955b1e703f012c74015306fb7e79a00c15370785f309b1ed9aa8d",
                "sha256:3d7d267d27aceeeaa3de0dd161a0d64f0a282264d592e335fff7958cc0cbae7c",
                "sha256:5471582658ea56fca122c0f0d0116a36807c63fefd6fdc92c71ca9a4491b6b48",
                "sha256:5569fc7f967429d4bc87e355cdfdcee6aabe4b620801e2cf5805ea245c06097c",
                "sha256:68dce92b29575dda0f8d30c11742a8e2b9b8ec768ae414b54f7453f27bdf9545",
                "sha256:79c533ff593db861ae23436541f481ec896ee3da4e5db8962429b441bbaae16e",
                "sha256:7f3920b1285a7d3ce898e303d84791b7bf40d57b7695ad549dc04e6a44c9f120",
                "sha256:91633e64712df3051ca454ca7d1b976baf842d7a3640b87622b323c55f3345e7",
                "sha256:945be0baa3e2440151eb3718fd8846751e8b51d8de7b884c90b17d271d34cae8",
                "sha256:9afd0d69429172c796164fd7fe8e821ade9be983f51c659a38da3faaaaac44dc",
                "sha256:9c75eff897786ee262c9f17a48886f4e98e6cfd335e011c591c305e5d083c056",
                "sha256:b538014a87f94d92f98f34d3e6d2635478e6be6423a9ea53e4dd96210065e193",
                "sha256:b6577b8c6c8701ba8642ea9335a129836347894b666dd1ec2226830e263909d3",
                "sha256:c0376deac92377817e4fb8f347bf559b7d44ff556d9bc6f6208dd3f79f104aaf",
                "sha256:cae3dde0b4b2078f31527acff6f486e23abed307ba4d3932466ba7cdd5ecec79",
                "sha256:cb5d45c4143c1dd60f98a16187fd123eda7248f84ef22244818c18d531a249d1",
                "sha256:d9b073073e048081e502b6c6b0b88714c026a1a4c890569238d04aca5f9ca74b",
                "sha256:fac19dc9cbc34052394dbe81e149411a62e71999c0a19e1e09ce537867f95ae0"
            ],
            "version": "==0.19.0"
        },
        "websockets": {
            "hashes": [
                "sha256:01f5567d9cf6f502d655151645d4e8b72b453413d3819d2b6f1185abc23e82dd",
                "sha256:03aae4edc0b1c68498f41a6772d80ac7c1e33c06c6ffa2ac1c27a07653e79d6f",
                "sha256:0ac56b661e60edd453585f4bd68eb6a29ae25b5184fd5ba51e97652580458998",
                "sha256:0ee68fe502f9031f19d495dae2c268830df2760c0524cbac5d759921ba8c8e82",
                "sha256:1553cb82942b2a74dd9b15a018dce645d4e68674de2ca31ff13ebc2d9f283788",
                "sha256:1a073fc9ab1c8aff37c99f11f1641e16da517770e31a37265d2755282a5d28aa",
                "sha256:1d2256283fa4b7f4c7d7d3e84dc2ece74d341bce57d5b9bf385df109c2a1a82f",
                "sha256:1d5023a4b6a5b183dc838808087033ec5df77580485fc533e7dab2567851b0a4",
                "sha256:1fdf26fa8a6a592f8f9235285b8affa72748dc12e964a5518c6c5e8f916716f7",
                "sha256:2529338a6ff0eb0b50c7be33dc3d0e456381157a31eefc561771ee431134a97f",
                "sha256:279e5de4671e79a9ac877427f4ac4ce93751b8823f276b681d04b2156713b9dd",
                "sha256:2d903ad4419f5b472de90cd2d40384573b25da71e33519a67797de17ef849b69",
                "sha256:332d126167ddddec94597c2365537baf9ff62dfcc9db4266f263d455f2f031cb",
                "sha256:34fd59a4ac42dff6d4681d8843217137f6bc85ed29722f2f7222bd619d15e95b",
                "sha256:3580dd9c1ad0701169e4d6fc41e878ffe05e6bdcaf3c412f9d559389d0c9e016",
                "sha256:3ccc8a0c387629aec40f2fc9fdcb4b9d5431954f934da3eaf16cdc94f67dbfac",
                "sha256:41f696ba95cd92dc047e46b41b26dd24518384749ed0d99bea0a941ca87404c4",
                "sha256:42cc5452a54a8e46a032521d7365da775823e21bfba2895fb7b77633cce031bb",
                "sha256:4841ed00f1026dfbced6fca7d963c4e7043aa832648671b5138008dc5a8f6d99",
                "sha256:4b253869ea05a5a073ebfdcb5cb3b0266a57c3764cf6fe114e4cd90f4bfa5f5e",
                "sha256:54c6e5b3d3a8936a4ab6870d46bdd6ec500ad62bde9e44462c32d18f1e9a8e54",
                "sha256:619d9f06372b3a42bc29d0cd0354c9bb9fb39c2cbc1a9c5025b4538738dbffaf",
                "sha256:6505c1b31274723ccaf5f515c1824a4ad2f0d191cec942666b3d0f3aa4cb4007",
                "sha256:660e2d9068d2bedc0912af508f30bbeb505bbbf9774d98def45f68278cea20d3",
                "sha256:6681ba9e7f8f3b19440921e99efbb40fc89f26cd71bf539e45d8c8a25c976dc6",
                "sha256:68b977f21ce443d6d378dbd5ca38621755f2063d6fdb3335bda981d552cfff86",
                "sha256:69269f3a0b472e91125b503d3c0b3566bda26da0a3261c49f0027eb6075086d1",
                "sha256:6f1a3f10f836fab6ca6efa97bb952300b20ae56b409414ca85bff2ad241d2a61",
                "sha256:7622a89d696fc87af8e8d280d9b421db5133ef5b29d3f7a1ce9f1a7bf7fcfa11",
                "sha256:777354ee16f02f643a4c7f2b3eff8027a33c9861edc691a2003531f5da4f6bc8",
                "sha256:84d27a4832cc1a0ee07cdcf2b0629a8a72db73f4cf6de6f0904f6661227f256f",
                "sha256:8531fdcad636d82c517b26a448dcfe62f720e1922b33c81ce695d0edb91eb931",
                "sha256:86d2a77fd490ae3ff6fae1c6ceaecad063d3cc2320b44377efdde79880e11526",
                "sha256:88fc51d9a26b10fc331be344f1781224a375b78488fc343620184e95a4b27016",
                "sha256:8a34e13a62a59c871064dfd8ffb150867e54291e46d4a7cf11d02c94a5275bae",
                "sha256:8c82f11964f010053e13daafdc7154ce7385ecc538989a354ccc7067fd7028fd",
                "sha256:92b2065d642bf8c0a82d59e59053dd2fdde64d4ed44efe4870fa816c1232647b",
                "sha256:97b52894d948d2f6ea480171a27122d77af14ced35f62e5c892ca2fae9344311",
                "sha256:9d9acd80072abcc98bd2c86c3c9cd4ac2347b5a5a0cae7ed5c0ee5675f86d9af",
                "sha256:9f59a3c656fef341a99e3d63189852be7084c0e54b75734cde571182c087b152",
                "sha256:aa5003845cdd21ac0dc6c9bf661c5beddd01116f6eb9eb3c8e272353d45b3288",
                "sha256:b16fff62b45eccb9c7abb18e60e7e446998093cdcb50fed33134b9b6878836de",
                "sha256:b30c6590146e53149f04e85a6e4fcae068df4289e31e4aee1fdf56a0dead8f97",
                "sha256:b58cbf0697721120866820b89f93659abc31c1e876bf20d0b3d03cef14faf84d",
                "sha256:b67c6f5e5a401fc56394f191f00f9b3811fe843ee93f4a70df3c389d1adf857d",
                "sha256:bceab846bac555aff6427d060f2fcfff71042dba6f5fca7dc4f75cac815e57ca",
                "sha256:bee9fcb41db2a23bed96c6b6ead6489702c12334ea20a297aa095ce6d31370d0",
                "sha256:c114e8da9b475739dde229fd3bc6b05a6537a88a578358bc8eb29b4030fac9c9",
                "sha256:c1f0524f203e3bd35149f12157438f406eff2e4fb30f71221c8a5eceb3617b6b",
                "sha256:c792ea4eabc0159535608fc5658a74d1a81020eb35195dd63214dcf07556f67e",
                "sha256:c7f3cb904cce8e1be667c7e6fef4516b98d1a6a0635a58a57528d577ac18a128",
                "sha256:d67ac60a307f760c6e65dad586f556dde58e683fab03323221a4e530ead6f74d",
                "sha256:dcacf2c7a6c3a84e720d1bb2b543c675bf6c40e460300b628bab1b1efc7c034c",
                "sha256:de36fe9c02995c7e6ae6efe2e205816f5f00c22fd1fbf343d4d18c3d5ceac2f5",
                "sha256:def07915168ac8f7853812cc593c71185a16216e9e4fa886358a17ed0fd9fcf6",
                "sha256:df41b9bc27c2c25b486bae7cf42fccdc52ff181c8c387bfd026624a491c2671b",
                "sha256:e052b8467dd07d4943936009f46ae5ce7b908ddcac3fda581656b1b19c083d9b",
                "sha256:e063b1865974611313a3849d43f2c3f5368093691349cf3c7c8f8f75ad7cb280",
                "sha256:e1459677e5d12be8bbc7584c35b992eea142911a6236a3278b9b5ce3326f282c",
                "sha256:e1a99a7a71631f0efe727c10edfba09ea6bee4166a6f9c19aafb6c0b5917d09c",
                "sha256:e590228200fcfc7e9109509e4d9125eace2042fd52b595dd22bbc34bb282307f",
                "sha256:e6316827e3e79b7b8e7d8e3b08f4e331af91a48e794d5d8b099928b6f0b85f20",
                "sha256:e7837cb169eca3b3ae94cc5787c4fed99eef74c0ab9506756eea335e0d6f3ed8",
                "sha256:e848f46a58b9fcf3d06061d17be388caf70ea5b8cc3466251963c8345e13f7eb",
                "sha256:ed058398f55163a79bb9f06a90ef9ccc063b204bb346c4de78efc5d15abfe602",
                "sha256:f2e58f2c36cc52d41f2659e4c0cbf7353e28c8c9e63e30d8c6d3494dc9fdedcf",
                "sha256:f467ba0050b7de85016b43f5a22b46383ef004c4f672148a8abf32bc999a87f0",
                "sha256:f61bdb1df43dc9c131791fbc2355535f9024b9a04398d3bd0684fc16ab07df74",
                "sha256:fb06eea71a00a7af0ae6aefbb932fb8a7df3cb390cc217d51a9ad7343de1b8d0",
                "sha256:ffd7dcaf744f25f82190856bc26ed81721508fc5cbf2a330751e135ff1283564"
            ],
            "version": "==11.0.3"
        }
    },
    "develop": {}
}
